
Microsoft Visual Studio Solution File, Format Version 12.00
# Visual Studio Version 17
VisualStudioVersion = 17.13.35913.81
MinimumVisualStudioVersion = 10.0.40219.1
Project("{FAE04EC0-301F-11D3-BF4B-00C04F79EFBC}") = "E2ETesting", "..\..\source\repos\E2ETesting\E2ETesting.csproj", "{55270629-F628-072C-6DD5-0B3D01A30FEA}"
EndProject
Global
	GlobalSection(SolutionConfigurationPlatforms) = preSolution
		Debug|Any CPU = Debug|Any CPU
		Release|Any CPU = Release|Any CPU
	EndGlobalSection
	GlobalSection(ProjectConfigurationPlatforms) = postSolution
		{55270629-F628-072C-6DD5-0B3D01A30FEA}.Debug|Any CPU.ActiveCfg = Debug|Any CPU
		{55270629-F628-072C-6DD5-0B3D01A30FEA}.Debug|Any CPU.Build.0 = Debug|Any CPU
		{55270629-F628-072C-6DD5-0B3D01A30FEA}.Release|Any CPU.ActiveCfg = Release|Any CPU
		{55270629-F628-072C-6DD5-0B3D01A30FEA}.Release|Any CPU.Build.0 = Release|Any CPU
	EndGlobalSection
	GlobalSection(SolutionProperties) = preSolution
		HideSolutionNode = FALSE
	EndGlobalSection
	GlobalSection(ExtensibilityGlobals) = postSolution
		SolutionGuid = {183CE8AD-9B53-41E5-A38E-573B03616F38}
	EndGlobalSection
EndGlobal
